// !$*UTF8*$!
{
	archiveVersion = 1;
	classes = {
	};
	objectVersion = 46;
	objects = {

/* Begin PBXBuildFile section */
		11237AA51B93408E008F733E /* AppDelegate.swift in Sources */ = {isa = PBXBuildFile; fileRef = 11237AA41B93408E008F733E /* AppDelegate.swift */; };
		11237AA71B93408E008F733E /* ScrollViewController.swift in Sources */ = {isa = PBXBuildFile; fileRef = 11237AA61B93408E008F733E /* ScrollViewController.swift */; };
		11237AAC1B93408E008F733E /* Assets.xcassets in Resources */ = {isa = PBXBuildFile; fileRef = 11237AAB1B93408E008F733E /* Assets.xcassets */; };
		11237AAF1B93408E008F733E /* LaunchScreen.storyboard in Resources */ = {isa = PBXBuildFile; fileRef = 11237AAD1B93408E008F733E /* LaunchScreen.storyboard */; };
		11237AB91B934330008F733E /* ContentViewController.swift in Sources */ = {isa = PBXBuildFile; fileRef = 11237AB81B934330008F733E /* ContentViewController.swift */; settings = {ASSET_TAGS = (); }; };
		11237ABB1B93433B008F733E /* ContentViewController.xib in Resources */ = {isa = PBXBuildFile; fileRef = 11237ABA1B93433B008F733E /* ContentViewController.xib */; settings = {ASSET_TAGS = (); }; };
/* End PBXBuildFile section */

/* Begin PBXFileReference section */
		11237AA11B93408E008F733E /* ScrollViewController.app */ = {isa = PBXFileReference; explicitFileType = wrapper.application; includeInIndex = 0; path = ScrollViewController.app; sourceTree = BUILT_PRODUCTS_DIR; };
		11237AA41B93408E008F733E /* AppDelegate.swift */ = {isa = PBXFileReference; lastKnownFileType = sourcecode.swift; path = AppDelegate.swift; sourceTree = "<group>"; };
		11237AA61B93408E008F733E /* ScrollViewController.swift */ = {isa = PBXFileReference; lastKnownFileType = sourcecode.swift; path = ScrollViewController.swift; sourceTree = "<group>"; };
		11237AAB1B93408E008F733E /* Assets.xcassets */ = {isa = PBXFileReference; lastKnownFileType = folder.assetcatalog; path = Assets.xcassets; sourceTree = "<group>"; };
		11237AAE1B93408E008F733E /* Base */ = {isa = PBXFileReference; lastKnownFileType = file.storyboard; name = Base; path = Base.lproj/LaunchScreen.storyboard; sourceTree = "<group>"; };
		11237AB01B93408E008F733E /* Info.plist */ = {isa = PBXFileReference; lastKnownFileType = text.plist.xml; path = Info.plist; sourceTree = "<group>"; };
		11237AB81B934330008F733E /* ContentViewController.swift */ = {isa = PBXFileReference; fileEncoding = 4; lastKnownFileType = sourcecode.swift; path = ContentViewController.swift; sourceTree = "<group>"; };
		11237ABA1B93433B008F733E /* ContentViewController.xib */ = {isa = PBXFileReference; fileEncoding = 4; lastKnownFileType = file.xib; path = ContentViewController.xib; sourceTree = "<group>"; };
/* End PBXFileReference section */

/* Begin PBXFrameworksBuildPhase section */
		11237A9E1B93408E008F733E /* Frameworks */ = {
			isa = PBXFrameworksBuildPhase;
			buildActionMask = 2147483647;
			files = (
			);
			runOnlyForDeploymentPostprocessing = 0;
		};
/* End PBXFrameworksBuildPhase section */

/* Begin PBXGroup section */
		11237A981B93408E008F733E = {
			isa = PBXGroup;
			children = (
				11237AA31B93408E008F733E /* ScrollViewController */,
				11237AA21B93408E008F733E /* Products */,
			);
			sourceTree = "<group>";
		};
		11237AA21B93408E008F733E /* Products */ = {
			isa = PBXGroup;
			children = (
				11237AA11B93408E008F733E /* ScrollViewController.app */,
			);
			name = Products;
			sourceTree = "<group>";
		};
		11237AA31B93408E008F733E /* ScrollViewController */ = {
			isa = PBXGroup;
			children = (
				11237AA41B93408E008F733E /* AppDelegate.swift */,
				11237AA61B93408E008F733E /* ScrollViewController.swift */,
				11237AAB1B93408E008F733E /* Assets.xcassets */,
				11237AAD1B93408E008F733E /* LaunchScreen.storyboard */,
				11237AB01B93408E008F733E /* Info.plist */,
				11237AB81B934330008F733E /* ContentViewController.swift */,
				11237ABA1B93433B008F733E /* ContentViewController.xib */,
			);
			path = ScrollViewController;
			sourceTree = "<group>";
		};
/* End PBXGroup section */

/* Begin PBXNativeTarget section */
		11237AA01B93408E008F733E /* ScrollViewController */ = {
			isa = PBXNativeTarget;
			buildConfigurationList = 11237AB31B93408E008F733E /* Build configuration list for PBXNativeTarget "ScrollViewController" */;
			buildPhases = (
				11237A9D1B93408E008F733E /* Sources */,
				11237A9E1B93408E008F733E /* Frameworks */,
				11237A9F1B93408E008F733E /* Resources */,
			);
			buildRules = (
			);
			dependencies = (
			);
			name = ScrollViewController;
			productName = ScrollViewController;
			productReference = 11237AA11B93408E008F733E /* ScrollViewController.app */;
			productType = "com.apple.product-type.application";
		};
/* End PBXNativeTarget section */

/* Begin PBXProject section */
		11237A991B93408E008F733E /* Project object */ = {
			isa = PBXProject;
			attributes = {
				LastUpgradeCheck = 0700;
				ORGANIZATIONNAME = "Dmitry Nesterenko";
				TargetAttributes = {
					11237AA01B93408E008F733E = {
						CreatedOnToolsVersion = 7.0;
					};
				};
			};
			buildConfigurationList = 11237A9C1B93408E008F733E /* Build configuration list for PBXProject "ScrollViewController" */;
			compatibilityVersion = "Xcode 3.2";
			developmentRegion = English;
			hasScannedForEncodings = 0;
			knownRegions = (
				en,
				Base,
			);
			mainGroup = 11237A981B93408E008F733E;
			productRefGroup = 11237AA21B93408E008F733E /* Products */;
			projectDirPath = "";
			projectRoot = "";
			targets = (
				11237AA01B93408E008F733E /* ScrollViewController */,
			);
		};
/* End PBXProject section */

/* Begin PBXResourcesBuildPhase section */
		11237A9F1B93408E008F733E /* Resources */ = {
			isa = PBXResourcesBuildPhase;
			buildActionMask = 2147483647;
			files = (
				11237AAF1B93408E008F733E /* LaunchScreen.storyboard in Resources */,
				11237AAC1B93408E008F733E /* Assets.xcassets in Resources */,
				11237ABB1B93433B008F733E /* ContentViewController.xib in Resources */,
			);
			runOnlyForDeploymentPostprocessing = 0;
		};
/* End PBXResourcesBuildPhase section */

/* Begin PBXSourcesBuildPhase section */
		11237A9D1B93408E008F733E /* Sources */ = {
			isa = PBXSourcesBuildPhase;
			buildActionMask = 2147483647;
			files = (
				11237AA71B93408E008F733E /* ScrollViewController.swift in Sources */,
				11237AB91B934330008F733E /* ContentViewController.swift in Sources */,
				11237AA51B93408E008F733E /* AppDelegate.swift in Sources */,
			);
			runOnlyForDeploymentPostprocessing = 0;
		};
/* End PBXSourcesBuildPhase section */

/* Begin PBXVariantGroup section */
		11237AAD1B93408E008F733E /* LaunchScreen.storyboard */ = {
			isa = PBXVariantGroup;
			children = (
				11237AAE1B93408E008F733E /* Base */,
			);
			name = LaunchScreen.storyboard;
			sourceTree = "<group>";
		};
/* End PBXVariantGroup section */

/* Begin XCBuildConfiguration section */
		11237AB11B93408E008F733E /* Debug */ = {
			isa = XCBuildConfiguration;
			buildSettings = {
				ALWAYS_SEARCH_USER_PATHS = NO;
				CLANG_CXX_LANGUAGE_STANDARD = "gnu++0x";
				CLANG_CXX_LIBRARY = "libc++";
				CLANG_ENABLE_MODULES = YES;
				CLANG_ENABLE_OBJC_ARC = YES;
				CLANG_WARN_BOOL_CONVERSION = YES;
				CLANG_WARN_CONSTANT_CONVERSION = YES;
				CLANG_WARN_DIRECT_OBJC_ISA_USAGE = YES_ERROR;
				CLANG_WARN_EMPTY_BODY = YES;
				CLANG_WARN_ENUM_CONVERSION = YES;
				CLANG_WARN_INT_CONVERSION = YES;
				CLANG_WARN_OBJC_ROOT_CLASS = YES_ERROR;
				CLANG_WARN_UNREACHABLE_CODE = YES;
				CLANG_WARN__DUPLICATE_METHOD_MATCH = YES;
				"CODE_SIGN_IDENTITY[sdk=iphoneos*]" = "iPhone Developer";
				COPY_PHASE_STRIP = NO;
				DEBUG_INFORMATION_FORMAT = dwarf;
				ENABLE_STRICT_OBJC_MSGSEND = YES;
				ENABLE_TESTABILITY = YES;
				GCC_C_LANGUAGE_STANDARD = gnu99;
				GCC_DYNAMIC_NO_PIC = NO;
				GCC_NO_COMMON_BLOCKS = YES;
				GCC_OPTIMIZATION_LEVEL = 0;
				GCC_PREPROCESSOR_DEFINITIONS = (
					"DEBUG=1",
					"$(inherited)",
				);
				GCC_WARN_64_TO_32_BIT_CONVERSION = YES;
				GCC_WARN_ABOUT_RETURN_TYPE = YES_ERROR;
				GCC_WARN_UNDECLARED_SELECTOR = YES;
				GCC_WARN_UNINITIALIZED_AUTOS = YES_AGGRESSIVE;
				GCC_WARN_UNUSED_FUNCTION = YES;
				GCC_WARN_UNUSED_VARIABLE = YES;
				IPHONEOS_DEPLOYMENT_TARGET = 9.0;
				MTL_ENABLE_DEBUG_INFO = YES;
				ONLY_ACTIVE_ARCH = YES;
				SDKROOT = iphoneos;
				SWIFT_OPTIMIZATION_LEVEL = "-Onone";
				TARGETED_DEVICE_FAMILY = "1,2";
			};
			name = Debug;
		};
		11237AB21B93408E008F733E /* Release */ = {
			isa = XCBuildConfiguration;
			buildSettings = {
				ALWAYS_SEARCH_USER_PATHS = NO;
				CLANG_CXX_LANGUAGE_STANDARD = "gnu++0x";
				CLANG_CXX_LIBRARY = "libc++";
				CLANG_ENABLE_MODULES = YES;
				CLANG_ENABLE_OBJC_ARC = YES;
				CLANG_WARN_BOOL_CONVERSION = YES;
				CLANG_WARN_CONSTANT_CONVERSION = YES;
				CLANG_WARN_DIRECT_OBJC_ISA_USAGE = YES_ERROR;
				CLANG_WARN_EMPTY_BODY = YES;
				CLANG_WARN_ENUM_CONVERSION = YES;
				CLANG_WARN_INT_CONVERSION = YES;
				CLANG_WARN_OBJC_ROOT_CLASS = YES_ERROR;
				CLANG_WARN_UNREACHABLE_CODE = YES;
				CLANG_WARN__DUPLICATE_METHOD_MATCH = YES;
				"CODE_SIGN_IDENTITY[sdk=iphoneos*]" = "iPhone Developer";
				COPY_PHASE_STRIP = NO;
				DEBUG_INFORMATION_FORMAT = "dwarf-with-dsym";
				ENABLE_NS_ASSERTIONS = NO;
				ENABLE_STRICT_OBJC_MSGSEND = YES;
				GCC_C_LANGUAGE_STANDARD = gnu99;
				GCC_NO_COMMON_BLOCKS = YES;
				GCC_WARN_64_TO_32_BIT_CONVERSION = YES;
				GCC_WARN_ABOUT_RETURN_TYPE = YES_ERROR;
				GCC_WARN_UNDECLARED_SELECTOR = YES;
				GCC_WARN_UNINITIALIZED_AUTOS = YES_AGGRESSIVE;
				GCC_WARN_UNUSED_FUNCTION = YES;
				GCC_WARN_UNUSED_VARIABLE = YES;
				IPHONEOS_DEPLOYMENT_TARGET = 9.0;
				MTL_ENABLE_DEBUG_INFO = NO;
				SDKROOT = iphoneos;
				TARGETED_DEVICE_FAMILY = "1,2";
				VALIDATE_PRODUCT = YES;
			};
			name = Release;
		};
		11237AB41B93408E008F733E /* Debug */ = {
			isa = XCBuildConfiguration;
			buildSettings = {
				ASSETCATALOG_COMPILER_APPICON_NAME = AppIcon;
				INFOPLIST_FILE = ScrollViewController/Info.plist;
				LD_RUNPATH_SEARCH_PATHS = "$(inherited) @executable_path/Frameworks";
				PRODUCT_BUNDLE_IDENTIFIER = "e-legion.ScrollViewController";
				PRODUCT_NAME = "$(TARGET_NAME)";
			};
			name = Debug;
		};
		11237AB51B93408E008F733E /* Release */ = {
			isa = XCBuildConfiguration;
			buildSettings = {
				ASSETCATALOG_COMPILER_APPICON_NAME = AppIcon;
				INFOPLIST_FILE = ScrollViewController/Info.plist;
				LD_RUNPATH_SEARCH_PATHS = "$(inherited) @executable_path/Frameworks";
				PRODUCT_BUNDLE_IDENTIFIER = "e-legion.ScrollViewController";
				PRODUCT_NAME = "$(TARGET_NAME)";
			};
			name = Release;
		};
/* End XCBuildConfiguration section */

/* Begin XCConfigurationList section */
		11237A9C1B93408E008F733E /* Build configuration list for PBXProject "ScrollViewController" */ = {
			isa = XCConfigurationList;
			buildConfigurations = (
				11237AB11B93408E008F733E /* Debug */,
				11237AB21B93408E008F733E /* Release */,
			);
			defaultConfigurationIsVisible = 0;
			defaultConfigurationName = Release;
		};
		11237AB31B93408E008F733E /* Build configuration list for PBXNativeTarget "ScrollViewController" */ = {
			isa = XCConfigurationList;
			buildConfigurations = (
				11237AB41B93408E008F733E /* Debug */,
				11237AB51B93408E008F733E /* Release */,
			);
			defaultConfigurationIsVisible = 0;
		};
/* End XCConfigurationList section */
	};
	rootObject = 11237A991B93408E008F733E /* Project object */;
}
